
Microsoft Visual Studio Solution File, Format Version 12.00
# Visual Studio Version 16
VisualStudioVersion = 16.0.31829.152
MinimumVisualStudioVersion = 10.0.40219.1
Project("{FAE04EC0-301F-11D3-BF4B-00C04F79EFBC}") = "ImageTutorial.Android", "ImageTutorial\ImageTutorial.Android\ImageTutorial.Android.csproj", "{607886D6-8FA8-400D-94D6-C37D29B5AA68}"
EndProject
Project("{FAE04EC0-301F-11D3-BF4B-00C04F79EFBC}") = "ImageTutorial.iOS", "ImageTutorial\ImageTutorial.iOS\ImageTutorial.iOS.csproj", "{5213071F-3688-426E-BEA2-482A49B44549}"
EndProject
Project("{FAE04EC0-301F-11D3-BF4B-00C04F79EFBC}") = "ImageTutorial", "ImageTutorial\ImageTutorial\ImageTutorial.csproj", "{72E731AB-A958-45DD-A4AA-1AFC615B1B03}"
EndProject
Global
	GlobalSection(SolutionConfigurationPlatforms) = preSolution
		Debug|Any CPU = Debug|Any CPU
		Debug|iPhone = Debug|iPhone
		Debug|iPhoneSimulator = Debug|iPhoneSimulator
		Release|Any CPU = Release|Any CPU
		Release|iPhone = Release|iPhone
		Release|iPhoneSimulator = Release|iPhoneSimulator
	EndGlobalSection
	GlobalSection(ProjectConfigurationPlatforms) = postSolution
		{607886D6-8FA8-400D-94D6-C37D29B5AA68}.Debug|Any CPU.ActiveCfg = Debug|Any CPU
		{607886D6-8FA8-400D-94D6-C37D29B5AA68}.Debug|Any CPU.Build.0 = Debug|Any CPU
		{607886D6-8FA8-400D-94D6-C37D29B5AA68}.Debug|Any CPU.Deploy.0 = Debug|Any CPU
		{607886D6-8FA8-400D-94D6-C37D29B5AA68}.Debug|iPhone.ActiveCfg = Debug|Any CPU
		{607886D6-8FA8-400D-94D6-C37D29B5AA68}.Debug|iPhone.Build.0 = Debug|Any CPU
		{607886D6-8FA8-400D-94D6-C37D29B5AA68}.Debug|iPhone.Deploy.0 = Debug|Any CPU
		{607886D6-8FA8-400D-94D6-C37D29B5AA68}.Debug|iPhoneSimulator.ActiveCfg = Debug|Any CPU
		{607886D6-8FA8-400D-94D6-C37D29B5AA68}.Debug|iPhoneSimulator.Build.0 = Debug|Any CPU
		{607886D6-8FA8-400D-94D6-C37D29B5AA68}.Debug|iPhoneSimulator.Deploy.0 = Debug|Any CPU
		{607886D6-8FA8-400D-94D6-C37D29B5AA68}.Release|Any CPU.ActiveCfg = Release|Any CPU
		{607886D6-8FA8-400D-94D6-C37D29B5AA68}.Release|Any CPU.Build.0 = Release|Any CPU
		{607886D6-8FA8-400D-94D6-C37D29B5AA68}.Release|Any CPU.Deploy.0 = Release|Any CPU
		{607886D6-8FA8-400D-94D6-C37D29B5AA68}.Release|iPhone.ActiveCfg = Release|Any CPU
		{607886D6-8FA8-400D-94D6-C37D29B5AA68}.Release|iPhone.Build.0 = Release|Any CPU
		{607886D6-8FA8-400D-94D6-C37D29B5AA68}.Release|iPhone.Deploy.0 = Release|Any CPU
		{607886D6-8FA8-400D-94D6-C37D29B5AA68}.Release|iPhoneSimulator.ActiveCfg = Release|Any CPU
		{607886D6-8FA8-400D-94D6-C37D29B5AA68}.Release|iPhoneSimulator.Build.0 = Release|Any CPU
		{607886D6-8FA8-400D-94D6-C37D29B5AA68}.Release|iPhoneSimulator.Deploy.0 = Release|Any CPU
		{5213071F-3688-426E-BEA2-482A49B44549}.Debug|Any CPU.ActiveCfg = Debug|iPhone
		{5213071F-3688-426E-BEA2-482A49B44549}.Debug|Any CPU.Build.0 = Debug|iPhone
		{5213071F-3688-426E-BEA2-482A49B44549}.Debug|Any CPU.Deploy.0 = Debug|iPhone
		{5213071F-3688-426E-BEA2-482A49B44549}.Debug|iPhone.ActiveCfg = Debug|iPhone
		{5213071F-3688-426E-BEA2-482A49B44549}.Debug|iPhone.Build.0 = Debug|iPhone
		{5213071F-3688-426E-BEA2-482A49B44549}.Debug|iPhone.Deploy.0 = Debug|iPhone
		{5213071F-3688-426E-BEA2-482A49B44549}.Debug|iPhoneSimulator.ActiveCfg = Debug|iPhoneSimulator
		{5213071F-3688-426E-BEA2-482A49B44549}.Debug|iPhoneSimulator.Build.0 = Debug|iPhoneSimulator
		{5213071F-3688-426E-BEA2-482A49B44549}.Debug|iPhoneSimulator.Deploy.0 = Debug|iPhoneSimulator
		{5213071F-3688-426E-BEA2-482A49B44549}.Release|Any CPU.ActiveCfg = Release|iPhoneSimulator
		{5213071F-3688-426E-BEA2-482A49B44549}.Release|Any CPU.Build.0 = Release|iPhoneSimulator
		{5213071F-3688-426E-BEA2-482A49B44549}.Release|Any CPU.Deploy.0 = Release|iPhoneSimulator
		{5213071F-3688-426E-BEA2-482A49B44549}.Release|iPhone.ActiveCfg = Release|iPhone
		{5213071F-3688-426E-BEA2-482A49B44549}.Release|iPhone.Build.0 = Release|iPhone
		{5213071F-3688-426E-BEA2-482A49B44549}.Release|iPhone.Deploy.0 = Release|iPhone
		{5213071F-3688-426E-BEA2-482A49B44549}.Release|iPhoneSimulator.ActiveCfg = Release|iPhoneSimulator
		{5213071F-3688-426E-BEA2-482A49B44549}.Release|iPhoneSimulator.Build.0 = Release|iPhoneSimulator
		{5213071F-3688-426E-BEA2-482A49B44549}.Release|iPhoneSimulator.Deploy.0 = Release|iPhoneSimulator
		{72E731AB-A958-45DD-A4AA-1AFC615B1B03}.Debug|Any CPU.ActiveCfg = Debug|Any CPU
		{72E731AB-A958-45DD-A4AA-1AFC615B1B03}.Debug|Any CPU.Build.0 = Debug|Any CPU
		{72E731AB-A958-45DD-A4AA-1AFC615B1B03}.Debug|Any CPU.Deploy.0 = Debug|Any CPU
		{72E731AB-A958-45DD-A4AA-1AFC615B1B03}.Debug|iPhone.ActiveCfg = Debug|Any CPU
		{72E731AB-A958-45DD-A4AA-1AFC615B1B03}.Debug|iPhone.Build.0 = Debug|Any CPU
		{72E731AB-A958-45DD-A4AA-1AFC615B1B03}.Debug|iPhone.Deploy.0 = Debug|Any CPU
		{72E731AB-A958-45DD-A4AA-1AFC615B1B03}.Debug|iPhoneSimulator.ActiveCfg = Debug|Any CPU
		{72E731AB-A958-45DD-A4AA-1AFC615B1B03}.Debug|iPhoneSimulator.Build.0 = Debug|Any CPU
		{72E731AB-A958-45DD-A4AA-1AFC615B1B03}.Debug|iPhoneSimulator.Deploy.0 = Debug|Any CPU
		{72E731AB-A958-45DD-A4AA-1AFC615B1B03}.Release|Any CPU.ActiveCfg = Release|Any CPU
		{72E731AB-A958-45DD-A4AA-1AFC615B1B03}.Release|Any CPU.Build.0 = Release|Any CPU
		{72E731AB-A958-45DD-A4AA-1AFC615B1B03}.Release|Any CPU.Deploy.0 = Release|Any CPU
		{72E731AB-A958-45DD-A4AA-1AFC615B1B03}.Release|iPhone.ActiveCfg = Release|Any CPU
		{72E731AB-A958-45DD-A4AA-1AFC615B1B03}.Release|iPhone.Build.0 = Release|Any CPU
		{72E731AB-A958-45DD-A4AA-1AFC615B1B03}.Release|iPhone.Deploy.0 = Release|Any CPU
		{72E731AB-A958-45DD-A4AA-1AFC615B1B03}.Release|iPhoneSimulator.ActiveCfg = Release|Any CPU
		{72E731AB-A958-45DD-A4AA-1AFC615B1B03}.Release|iPhoneSimulator.Build.0 = Release|Any CPU
		{72E731AB-A958-45DD-A4AA-1AFC615B1B03}.Release|iPhoneSimulator.Deploy.0 = Release|Any CPU
	EndGlobalSection
	GlobalSection(SolutionProperties) = preSolution
		HideSolutionNode = FALSE
	EndGlobalSection
	GlobalSection(ExtensibilityGlobals) = postSolution
		SolutionGuid = {8019F2D3-F6D8-4EB0-B83A-6C051E77657A}
	EndGlobalSection
EndGlobal
